
Microsoft Visual Studio Solution File, Format Version 12.00
# Visual Studio 2013
VisualStudioVersion = 12.0.40629.0
MinimumVisualStudioVersion = 10.0.40219.1
Project("{8BC9CEB8-8B4A-11D0-8D11-00A0C91BC942}") = "饿汗式", "饿汗式\饿汗式.vcxproj", "{EE68CFC7-B78B-423B-8CB1-F1D9BA1C1A0B}"
EndProject
Project("{8BC9CEB8-8B4A-11D0-8D11-00A0C91BC942}") = "懒汉式", "懒汉式\懒汉式.vcxproj", "{0F6FA53C-EE4D-48A9-BFB2-B4B33CD9FF94}"
EndProject
Project("{8BC9CEB8-8B4A-11D0-8D11-00A0C91BC942}") = "饿汗式_在数据段", "饿汗式_在数据段\饿汗式_在数据段.vcxproj", "{6306C8FB-284D-475C-B8D9-7BFC312B5C96}"
EndProject
Project("{8BC9CEB8-8B4A-11D0-8D11-00A0C91BC942}") = "单例模板", "单例模板\单例模板.vcxproj", "{2741A0EB-C35A-4CC6-BE7F-3AB62D99BF37}"
EndProject
Global
	GlobalSection(SolutionConfigurationPlatforms) = preSolution
		Debug|Win32 = Debug|Win32
		Release|Win32 = Release|Win32
	EndGlobalSection
	GlobalSection(ProjectConfigurationPlatforms) = postSolution
		{EE68CFC7-B78B-423B-8CB1-F1D9BA1C1A0B}.Debug|Win32.ActiveCfg = Debug|Win32
		{EE68CFC7-B78B-423B-8CB1-F1D9BA1C1A0B}.Debug|Win32.Build.0 = Debug|Win32
		{EE68CFC7-B78B-423B-8CB1-F1D9BA1C1A0B}.Release|Win32.ActiveCfg = Release|Win32
		{EE68CFC7-B78B-423B-8CB1-F1D9BA1C1A0B}.Release|Win32.Build.0 = Release|Win32
		{0F6FA53C-EE4D-48A9-BFB2-B4B33CD9FF94}.Debug|Win32.ActiveCfg = Debug|Win32
		{0F6FA53C-EE4D-48A9-BFB2-B4B33CD9FF94}.Debug|Win32.Build.0 = Debug|Win32
		{0F6FA53C-EE4D-48A9-BFB2-B4B33CD9FF94}.Release|Win32.ActiveCfg = Release|Win32
		{0F6FA53C-EE4D-48A9-BFB2-B4B33CD9FF94}.Release|Win32.Build.0 = Release|Win32
		{6306C8FB-284D-475C-B8D9-7BFC312B5C96}.Debug|Win32.ActiveCfg = Debug|Win32
		{6306C8FB-284D-475C-B8D9-7BFC312B5C96}.Debug|Win32.Build.0 = Debug|Win32
		{6306C8FB-284D-475C-B8D9-7BFC312B5C96}.Release|Win32.ActiveCfg = Release|Win32
		{6306C8FB-284D-475C-B8D9-7BFC312B5C96}.Release|Win32.Build.0 = Release|Win32
		{2741A0EB-C35A-4CC6-BE7F-3AB62D99BF37}.Debug|Win32.ActiveCfg = Debug|Win32
		{2741A0EB-C35A-4CC6-BE7F-3AB62D99BF37}.Debug|Win32.Build.0 = Debug|Win32
		{2741A0EB-C35A-4CC6-BE7F-3AB62D99BF37}.Release|Win32.ActiveCfg = Release|Win32
		{2741A0EB-C35A-4CC6-BE7F-3AB62D99BF37}.Release|Win32.Build.0 = Release|Win32
	EndGlobalSection
	GlobalSection(SolutionProperties) = preSolution
		HideSolutionNode = FALSE
	EndGlobalSection
EndGlobal
