
Microsoft Visual Studio Solution File, Format Version 12.00
# Visual Studio 2013
VisualStudioVersion = 12.0.40629.0
MinimumVisualStudioVersion = 10.0.40219.1
Project("{8BC9CEB8-8B4A-11D0-8D11-00A0C91BC942}") = "策略模式", "设计模式\设计模式.vcxproj", "{28FD052C-D5C3-4D71-A9A0-7354958F714B}"
EndProject
Project("{8BC9CEB8-8B4A-11D0-8D11-00A0C91BC942}") = "状态模式", "状态模式\状态模式.vcxproj", "{5819BDD9-6ED2-4552-80C3-56538BDF7D63}"
EndProject
Project("{8BC9CEB8-8B4A-11D0-8D11-00A0C91BC942}") = "职责链模式", "职责链模式\职责链模式.vcxproj", "{C4656ACE-63CB-4F2D-9456-D3FA90D5798A}"
EndProject
Project("{8BC9CEB8-8B4A-11D0-8D11-00A0C91BC942}") = "迭代器模式", "迭代器模式\迭代器模式.vcxproj", "{75188328-CFFE-4A72-B50E-EC9624CB0FB1}"
EndProject
Global
	GlobalSection(SolutionConfigurationPlatforms) = preSolution
		Debug|Win32 = Debug|Win32
		Release|Win32 = Release|Win32
	EndGlobalSection
	GlobalSection(ProjectConfigurationPlatforms) = postSolution
		{28FD052C-D5C3-4D71-A9A0-7354958F714B}.Debug|Win32.ActiveCfg = Debug|Win32
		{28FD052C-D5C3-4D71-A9A0-7354958F714B}.Debug|Win32.Build.0 = Debug|Win32
		{28FD052C-D5C3-4D71-A9A0-7354958F714B}.Release|Win32.ActiveCfg = Release|Win32
		{28FD052C-D5C3-4D71-A9A0-7354958F714B}.Release|Win32.Build.0 = Release|Win32
		{5819BDD9-6ED2-4552-80C3-56538BDF7D63}.Debug|Win32.ActiveCfg = Debug|Win32
		{5819BDD9-6ED2-4552-80C3-56538BDF7D63}.Debug|Win32.Build.0 = Debug|Win32
		{5819BDD9-6ED2-4552-80C3-56538BDF7D63}.Release|Win32.ActiveCfg = Release|Win32
		{5819BDD9-6ED2-4552-80C3-56538BDF7D63}.Release|Win32.Build.0 = Release|Win32
		{C4656ACE-63CB-4F2D-9456-D3FA90D5798A}.Debug|Win32.ActiveCfg = Debug|Win32
		{C4656ACE-63CB-4F2D-9456-D3FA90D5798A}.Debug|Win32.Build.0 = Debug|Win32
		{C4656ACE-63CB-4F2D-9456-D3FA90D5798A}.Release|Win32.ActiveCfg = Release|Win32
		{C4656ACE-63CB-4F2D-9456-D3FA90D5798A}.Release|Win32.Build.0 = Release|Win32
		{75188328-CFFE-4A72-B50E-EC9624CB0FB1}.Debug|Win32.ActiveCfg = Debug|Win32
		{75188328-CFFE-4A72-B50E-EC9624CB0FB1}.Debug|Win32.Build.0 = Debug|Win32
		{75188328-CFFE-4A72-B50E-EC9624CB0FB1}.Release|Win32.ActiveCfg = Release|Win32
		{75188328-CFFE-4A72-B50E-EC9624CB0FB1}.Release|Win32.Build.0 = Release|Win32
	EndGlobalSection
	GlobalSection(SolutionProperties) = preSolution
		HideSolutionNode = FALSE
	EndGlobalSection
EndGlobal
