
Microsoft Visual Studio Solution File, Format Version 12.00
# Visual Studio 2013
VisualStudioVersion = 12.0.40629.0
MinimumVisualStudioVersion = 10.0.40219.1
Project("{8BC9CEB8-8B4A-11D0-8D11-00A0C91BC942}") = "不一样的初始化类", "不一样的初始化类\不一样的初始化类.vcxproj", "{F5F68DCD-975B-4DD2-971F-CACB63AE3610}"
EndProject
Global
	GlobalSection(SolutionConfigurationPlatforms) = preSolution
		Debug|Win32 = Debug|Win32
		Release|Win32 = Release|Win32
	EndGlobalSection
	GlobalSection(ProjectConfigurationPlatforms) = postSolution
		{F5F68DCD-975B-4DD2-971F-CACB63AE3610}.Debug|Win32.ActiveCfg = Debug|Win32
		{F5F68DCD-975B-4DD2-971F-CACB63AE3610}.Debug|Win32.Build.0 = Debug|Win32
		{F5F68DCD-975B-4DD2-971F-CACB63AE3610}.Release|Win32.ActiveCfg = Release|Win32
		{F5F68DCD-975B-4DD2-971F-CACB63AE3610}.Release|Win32.Build.0 = Release|Win32
	EndGlobalSection
	GlobalSection(SolutionProperties) = preSolution
		HideSolutionNode = FALSE
	EndGlobalSection
EndGlobal
