
Microsoft Visual Studio Solution File, Format Version 12.00
# Visual Studio 2013
VisualStudioVersion = 12.0.40629.0
MinimumVisualStudioVersion = 10.0.40219.1
Project("{8BC9CEB8-8B4A-11D0-8D11-00A0C91BC942}") = "重定向", "重定向\重定向.vcxproj", "{DA35F896-76A6-4865-89DA-1931D3A5ADAE}"
EndProject
Project("{8BC9CEB8-8B4A-11D0-8D11-00A0C91BC942}") = "模板", "模板\模板.vcxproj", "{E2113622-D653-499E-87E8-59B3486390D9}"
EndProject
Project("{8BC9CEB8-8B4A-11D0-8D11-00A0C91BC942}") = "命名空间", "命名空间\命名空间.vcxproj", "{B3EEF04F-18AE-4535-9D6D-14A43795AC54}"
EndProject
Project("{8BC9CEB8-8B4A-11D0-8D11-00A0C91BC942}") = "命名空间的使用", "命名空间的使用\命名空间的使用.vcxproj", "{A18A45BD-6E36-4856-A22D-3B5AB9E5A965}"
EndProject
Project("{8BC9CEB8-8B4A-11D0-8D11-00A0C91BC942}") = "命名空间的权限", "命名空间的权限\命名空间的权限.vcxproj", "{833BAF9C-2B6E-4FE7-A67C-7CA421BBA2FC}"
EndProject
Project("{8BC9CEB8-8B4A-11D0-8D11-00A0C91BC942}") = "匿名命名空间", "匿名命名空间\匿名命名空间.vcxproj", "{7E9633BF-3A1C-4019-9BBB-DBDA971F026E}"
EndProject
Project("{8BC9CEB8-8B4A-11D0-8D11-00A0C91BC942}") = "全局变量和using", "全局变量和using\全局变量和using.vcxproj", "{DE1FB4B3-0A2C-45D4-8D69-B0B81BBFC44A}"
EndProject
Project("{8BC9CEB8-8B4A-11D0-8D11-00A0C91BC942}") = "类与命名空间", "类与命名空间\类与命名空间.vcxproj", "{698930F3-CA1A-4AE9-9D17-F20AB55B3DB6}"
EndProject
Project("{8BC9CEB8-8B4A-11D0-8D11-00A0C91BC942}") = "staticExtern", "staticExtern\staticExtern.vcxproj", "{0F8B9FEE-C45F-44F4-AC5B-7F05BD64FE01}"
EndProject
Project("{8BC9CEB8-8B4A-11D0-8D11-00A0C91BC942}") = "类型一致可变参数", "类型一致可变参数\类型一致可变参数.vcxproj", "{E608A089-EFD9-4972-8124-2C02DD2CBB8F}"
EndProject
Project("{8BC9CEB8-8B4A-11D0-8D11-00A0C91BC942}") = "数组", "数组\数组.vcxproj", "{9DCBA415-04D6-49F7-ADF3-CE26C69A509C}"
EndProject
Project("{8BC9CEB8-8B4A-11D0-8D11-00A0C91BC942}") = "nullptr", "nullptr\nullptr.vcxproj", "{638E62AC-566F-4D78-80B6-2B160AA1EC84}"
EndProject
Project("{8BC9CEB8-8B4A-11D0-8D11-00A0C91BC942}") = "using", "using\using.vcxproj", "{69AA2552-37F8-4884-9BF6-0FBDB3516C96}"
EndProject
Project("{8BC9CEB8-8B4A-11D0-8D11-00A0C91BC942}") = "decltype", "decltype\decltype.vcxproj", "{416138AC-2246-4BA3-81E0-3194785C50E7}"
EndProject
Global
	GlobalSection(SolutionConfigurationPlatforms) = preSolution
		Debug|Win32 = Debug|Win32
		Release|Win32 = Release|Win32
	EndGlobalSection
	GlobalSection(ProjectConfigurationPlatforms) = postSolution
		{DA35F896-76A6-4865-89DA-1931D3A5ADAE}.Debug|Win32.ActiveCfg = Debug|Win32
		{DA35F896-76A6-4865-89DA-1931D3A5ADAE}.Debug|Win32.Build.0 = Debug|Win32
		{DA35F896-76A6-4865-89DA-1931D3A5ADAE}.Release|Win32.ActiveCfg = Release|Win32
		{DA35F896-76A6-4865-89DA-1931D3A5ADAE}.Release|Win32.Build.0 = Release|Win32
		{E2113622-D653-499E-87E8-59B3486390D9}.Debug|Win32.ActiveCfg = Debug|Win32
		{E2113622-D653-499E-87E8-59B3486390D9}.Debug|Win32.Build.0 = Debug|Win32
		{E2113622-D653-499E-87E8-59B3486390D9}.Release|Win32.ActiveCfg = Release|Win32
		{E2113622-D653-499E-87E8-59B3486390D9}.Release|Win32.Build.0 = Release|Win32
		{B3EEF04F-18AE-4535-9D6D-14A43795AC54}.Debug|Win32.ActiveCfg = Debug|Win32
		{B3EEF04F-18AE-4535-9D6D-14A43795AC54}.Debug|Win32.Build.0 = Debug|Win32
		{B3EEF04F-18AE-4535-9D6D-14A43795AC54}.Release|Win32.ActiveCfg = Release|Win32
		{B3EEF04F-18AE-4535-9D6D-14A43795AC54}.Release|Win32.Build.0 = Release|Win32
		{A18A45BD-6E36-4856-A22D-3B5AB9E5A965}.Debug|Win32.ActiveCfg = Debug|Win32
		{A18A45BD-6E36-4856-A22D-3B5AB9E5A965}.Debug|Win32.Build.0 = Debug|Win32
		{A18A45BD-6E36-4856-A22D-3B5AB9E5A965}.Release|Win32.ActiveCfg = Release|Win32
		{A18A45BD-6E36-4856-A22D-3B5AB9E5A965}.Release|Win32.Build.0 = Release|Win32
		{833BAF9C-2B6E-4FE7-A67C-7CA421BBA2FC}.Debug|Win32.ActiveCfg = Debug|Win32
		{833BAF9C-2B6E-4FE7-A67C-7CA421BBA2FC}.Debug|Win32.Build.0 = Debug|Win32
		{833BAF9C-2B6E-4FE7-A67C-7CA421BBA2FC}.Release|Win32.ActiveCfg = Release|Win32
		{833BAF9C-2B6E-4FE7-A67C-7CA421BBA2FC}.Release|Win32.Build.0 = Release|Win32
		{7E9633BF-3A1C-4019-9BBB-DBDA971F026E}.Debug|Win32.ActiveCfg = Debug|Win32
		{7E9633BF-3A1C-4019-9BBB-DBDA971F026E}.Debug|Win32.Build.0 = Debug|Win32
		{7E9633BF-3A1C-4019-9BBB-DBDA971F026E}.Release|Win32.ActiveCfg = Release|Win32
		{7E9633BF-3A1C-4019-9BBB-DBDA971F026E}.Release|Win32.Build.0 = Release|Win32
		{DE1FB4B3-0A2C-45D4-8D69-B0B81BBFC44A}.Debug|Win32.ActiveCfg = Debug|Win32
		{DE1FB4B3-0A2C-45D4-8D69-B0B81BBFC44A}.Debug|Win32.Build.0 = Debug|Win32
		{DE1FB4B3-0A2C-45D4-8D69-B0B81BBFC44A}.Release|Win32.ActiveCfg = Release|Win32
		{DE1FB4B3-0A2C-45D4-8D69-B0B81BBFC44A}.Release|Win32.Build.0 = Release|Win32
		{698930F3-CA1A-4AE9-9D17-F20AB55B3DB6}.Debug|Win32.ActiveCfg = Debug|Win32
		{698930F3-CA1A-4AE9-9D17-F20AB55B3DB6}.Debug|Win32.Build.0 = Debug|Win32
		{698930F3-CA1A-4AE9-9D17-F20AB55B3DB6}.Release|Win32.ActiveCfg = Release|Win32
		{698930F3-CA1A-4AE9-9D17-F20AB55B3DB6}.Release|Win32.Build.0 = Release|Win32
		{0F8B9FEE-C45F-44F4-AC5B-7F05BD64FE01}.Debug|Win32.ActiveCfg = Debug|Win32
		{0F8B9FEE-C45F-44F4-AC5B-7F05BD64FE01}.Debug|Win32.Build.0 = Debug|Win32
		{0F8B9FEE-C45F-44F4-AC5B-7F05BD64FE01}.Release|Win32.ActiveCfg = Release|Win32
		{0F8B9FEE-C45F-44F4-AC5B-7F05BD64FE01}.Release|Win32.Build.0 = Release|Win32
		{E608A089-EFD9-4972-8124-2C02DD2CBB8F}.Debug|Win32.ActiveCfg = Debug|Win32
		{E608A089-EFD9-4972-8124-2C02DD2CBB8F}.Debug|Win32.Build.0 = Debug|Win32
		{E608A089-EFD9-4972-8124-2C02DD2CBB8F}.Release|Win32.ActiveCfg = Release|Win32
		{E608A089-EFD9-4972-8124-2C02DD2CBB8F}.Release|Win32.Build.0 = Release|Win32
		{9DCBA415-04D6-49F7-ADF3-CE26C69A509C}.Debug|Win32.ActiveCfg = Debug|Win32
		{9DCBA415-04D6-49F7-ADF3-CE26C69A509C}.Debug|Win32.Build.0 = Debug|Win32
		{9DCBA415-04D6-49F7-ADF3-CE26C69A509C}.Release|Win32.ActiveCfg = Release|Win32
		{9DCBA415-04D6-49F7-ADF3-CE26C69A509C}.Release|Win32.Build.0 = Release|Win32
		{638E62AC-566F-4D78-80B6-2B160AA1EC84}.Debug|Win32.ActiveCfg = Debug|Win32
		{638E62AC-566F-4D78-80B6-2B160AA1EC84}.Debug|Win32.Build.0 = Debug|Win32
		{638E62AC-566F-4D78-80B6-2B160AA1EC84}.Release|Win32.ActiveCfg = Release|Win32
		{638E62AC-566F-4D78-80B6-2B160AA1EC84}.Release|Win32.Build.0 = Release|Win32
		{69AA2552-37F8-4884-9BF6-0FBDB3516C96}.Debug|Win32.ActiveCfg = Debug|Win32
		{69AA2552-37F8-4884-9BF6-0FBDB3516C96}.Debug|Win32.Build.0 = Debug|Win32
		{69AA2552-37F8-4884-9BF6-0FBDB3516C96}.Release|Win32.ActiveCfg = Release|Win32
		{69AA2552-37F8-4884-9BF6-0FBDB3516C96}.Release|Win32.Build.0 = Release|Win32
		{416138AC-2246-4BA3-81E0-3194785C50E7}.Debug|Win32.ActiveCfg = Debug|Win32
		{416138AC-2246-4BA3-81E0-3194785C50E7}.Debug|Win32.Build.0 = Debug|Win32
		{416138AC-2246-4BA3-81E0-3194785C50E7}.Release|Win32.ActiveCfg = Release|Win32
		{416138AC-2246-4BA3-81E0-3194785C50E7}.Release|Win32.Build.0 = Release|Win32
	EndGlobalSection
	GlobalSection(SolutionProperties) = preSolution
		HideSolutionNode = FALSE
	EndGlobalSection
EndGlobal
