
Microsoft Visual Studio Solution File, Format Version 12.00
# Visual Studio 2013
VisualStudioVersion = 12.0.40629.0
MinimumVisualStudioVersion = 10.0.40219.1
Project("{8BC9CEB8-8B4A-11D0-8D11-00A0C91BC942}") = "auto_ptr", "智能指针\智能指针.vcxproj", "{6ADAC29A-3BC1-43A1-9CA2-C02AD0703339}"
EndProject
Project("{8BC9CEB8-8B4A-11D0-8D11-00A0C91BC942}") = "shared_ptr", "shared_ptr\shared_ptr.vcxproj", "{16DB14B6-8BFD-473F-834F-8E4C5EF5C2B0}"
EndProject
Project("{8BC9CEB8-8B4A-11D0-8D11-00A0C91BC942}") = "shared_ptr应用", "shared_ptr应用\shared_ptr应用.vcxproj", "{96CFB01A-9366-4258-8388-1EB7BBA22B26}"
EndProject
Global
	GlobalSection(SolutionConfigurationPlatforms) = preSolution
		Debug|Win32 = Debug|Win32
		Release|Win32 = Release|Win32
	EndGlobalSection
	GlobalSection(ProjectConfigurationPlatforms) = postSolution
		{6ADAC29A-3BC1-43A1-9CA2-C02AD0703339}.Debug|Win32.ActiveCfg = Debug|Win32
		{6ADAC29A-3BC1-43A1-9CA2-C02AD0703339}.Debug|Win32.Build.0 = Debug|Win32
		{6ADAC29A-3BC1-43A1-9CA2-C02AD0703339}.Release|Win32.ActiveCfg = Release|Win32
		{6ADAC29A-3BC1-43A1-9CA2-C02AD0703339}.Release|Win32.Build.0 = Release|Win32
		{16DB14B6-8BFD-473F-834F-8E4C5EF5C2B0}.Debug|Win32.ActiveCfg = Debug|Win32
		{16DB14B6-8BFD-473F-834F-8E4C5EF5C2B0}.Debug|Win32.Build.0 = Debug|Win32
		{16DB14B6-8BFD-473F-834F-8E4C5EF5C2B0}.Release|Win32.ActiveCfg = Release|Win32
		{16DB14B6-8BFD-473F-834F-8E4C5EF5C2B0}.Release|Win32.Build.0 = Release|Win32
		{96CFB01A-9366-4258-8388-1EB7BBA22B26}.Debug|Win32.ActiveCfg = Debug|Win32
		{96CFB01A-9366-4258-8388-1EB7BBA22B26}.Debug|Win32.Build.0 = Debug|Win32
		{96CFB01A-9366-4258-8388-1EB7BBA22B26}.Release|Win32.ActiveCfg = Release|Win32
		{96CFB01A-9366-4258-8388-1EB7BBA22B26}.Release|Win32.Build.0 = Release|Win32
	EndGlobalSection
	GlobalSection(SolutionProperties) = preSolution
		HideSolutionNode = FALSE
	EndGlobalSection
EndGlobal
