
Microsoft Visual Studio Solution File, Format Version 12.00
# Visual Studio 2013
VisualStudioVersion = 12.0.40629.0
MinimumVisualStudioVersion = 10.0.40219.1
Project("{8BC9CEB8-8B4A-11D0-8D11-00A0C91BC942}") = "变长结构体用法", "变长结构体用法\变长结构体用法.vcxproj", "{69F69A76-ACC8-47E7-893D-2EF96C21F4FA}"
EndProject
Global
	GlobalSection(SolutionConfigurationPlatforms) = preSolution
		Debug|Win32 = Debug|Win32
		Release|Win32 = Release|Win32
	EndGlobalSection
	GlobalSection(ProjectConfigurationPlatforms) = postSolution
		{69F69A76-ACC8-47E7-893D-2EF96C21F4FA}.Debug|Win32.ActiveCfg = Debug|Win32
		{69F69A76-ACC8-47E7-893D-2EF96C21F4FA}.Debug|Win32.Build.0 = Debug|Win32
		{69F69A76-ACC8-47E7-893D-2EF96C21F4FA}.Release|Win32.ActiveCfg = Release|Win32
		{69F69A76-ACC8-47E7-893D-2EF96C21F4FA}.Release|Win32.Build.0 = Release|Win32
	EndGlobalSection
	GlobalSection(SolutionProperties) = preSolution
		HideSolutionNode = FALSE
	EndGlobalSection
EndGlobal
