
Microsoft Visual Studio Solution File, Format Version 12.00
# Visual Studio 2013
VisualStudioVersion = 12.0.40629.0
MinimumVisualStudioVersion = 10.0.40219.1
Project("{8BC9CEB8-8B4A-11D0-8D11-00A0C91BC942}") = "友元函数_错题", "友元函数_错题\友元函数_错题.vcxproj", "{82353F30-7670-49E8-A59C-0221CC14AB5F}"
EndProject
Global
	GlobalSection(SolutionConfigurationPlatforms) = preSolution
		Debug|Win32 = Debug|Win32
		Release|Win32 = Release|Win32
	EndGlobalSection
	GlobalSection(ProjectConfigurationPlatforms) = postSolution
		{82353F30-7670-49E8-A59C-0221CC14AB5F}.Debug|Win32.ActiveCfg = Debug|Win32
		{82353F30-7670-49E8-A59C-0221CC14AB5F}.Debug|Win32.Build.0 = Debug|Win32
		{82353F30-7670-49E8-A59C-0221CC14AB5F}.Release|Win32.ActiveCfg = Release|Win32
		{82353F30-7670-49E8-A59C-0221CC14AB5F}.Release|Win32.Build.0 = Release|Win32
	EndGlobalSection
	GlobalSection(SolutionProperties) = preSolution
		HideSolutionNode = FALSE
	EndGlobalSection
EndGlobal
