
Microsoft Visual Studio Solution File, Format Version 12.00
# Visual Studio 2013
VisualStudioVersion = 12.0.40629.0
MinimumVisualStudioVersion = 10.0.40219.1
Project("{8BC9CEB8-8B4A-11D0-8D11-00A0C91BC942}") = "test", "test\test.vcxproj", "{CECD5427-9A45-4D31-8C89-1EFE90FA2497}"
EndProject
Project("{8BC9CEB8-8B4A-11D0-8D11-00A0C91BC942}") = "test2", "test2\test2.vcxproj", "{4D0D1AE3-9F3A-4908-9613-359536428DB6}"
EndProject
Global
	GlobalSection(SolutionConfigurationPlatforms) = preSolution
		Debug|Mixed Platforms = Debug|Mixed Platforms
		Debug|Win32 = Debug|Win32
		Debug|x64 = Debug|x64
		Release|Mixed Platforms = Release|Mixed Platforms
		Release|Win32 = Release|Win32
		Release|x64 = Release|x64
	EndGlobalSection
	GlobalSection(ProjectConfigurationPlatforms) = postSolution
		{CECD5427-9A45-4D31-8C89-1EFE90FA2497}.Debug|Mixed Platforms.ActiveCfg = Debug|Win32
		{CECD5427-9A45-4D31-8C89-1EFE90FA2497}.Debug|Mixed Platforms.Build.0 = Debug|Win32
		{CECD5427-9A45-4D31-8C89-1EFE90FA2497}.Debug|Win32.ActiveCfg = Debug|Win32
		{CECD5427-9A45-4D31-8C89-1EFE90FA2497}.Debug|Win32.Build.0 = Debug|Win32
		{CECD5427-9A45-4D31-8C89-1EFE90FA2497}.Debug|x64.ActiveCfg = Debug|x64
		{CECD5427-9A45-4D31-8C89-1EFE90FA2497}.Debug|x64.Build.0 = Debug|x64
		{CECD5427-9A45-4D31-8C89-1EFE90FA2497}.Release|Mixed Platforms.ActiveCfg = Release|Win32
		{CECD5427-9A45-4D31-8C89-1EFE90FA2497}.Release|Mixed Platforms.Build.0 = Release|Win32
		{CECD5427-9A45-4D31-8C89-1EFE90FA2497}.Release|Win32.ActiveCfg = Release|Win32
		{CECD5427-9A45-4D31-8C89-1EFE90FA2497}.Release|Win32.Build.0 = Release|Win32
		{CECD5427-9A45-4D31-8C89-1EFE90FA2497}.Release|x64.ActiveCfg = Release|x64
		{CECD5427-9A45-4D31-8C89-1EFE90FA2497}.Release|x64.Build.0 = Release|x64
		{4D0D1AE3-9F3A-4908-9613-359536428DB6}.Debug|Mixed Platforms.ActiveCfg = Debug|Win32
		{4D0D1AE3-9F3A-4908-9613-359536428DB6}.Debug|Mixed Platforms.Build.0 = Debug|Win32
		{4D0D1AE3-9F3A-4908-9613-359536428DB6}.Debug|Win32.ActiveCfg = Debug|Win32
		{4D0D1AE3-9F3A-4908-9613-359536428DB6}.Debug|Win32.Build.0 = Debug|Win32
		{4D0D1AE3-9F3A-4908-9613-359536428DB6}.Debug|x64.ActiveCfg = Debug|x64
		{4D0D1AE3-9F3A-4908-9613-359536428DB6}.Debug|x64.Build.0 = Debug|x64
		{4D0D1AE3-9F3A-4908-9613-359536428DB6}.Release|Mixed Platforms.ActiveCfg = Release|Win32
		{4D0D1AE3-9F3A-4908-9613-359536428DB6}.Release|Mixed Platforms.Build.0 = Release|Win32
		{4D0D1AE3-9F3A-4908-9613-359536428DB6}.Release|Win32.ActiveCfg = Release|Win32
		{4D0D1AE3-9F3A-4908-9613-359536428DB6}.Release|Win32.Build.0 = Release|Win32
		{4D0D1AE3-9F3A-4908-9613-359536428DB6}.Release|x64.ActiveCfg = Release|x64
		{4D0D1AE3-9F3A-4908-9613-359536428DB6}.Release|x64.Build.0 = Release|x64
	EndGlobalSection
	GlobalSection(SolutionProperties) = preSolution
		HideSolutionNode = FALSE
	EndGlobalSection
EndGlobal
