
Microsoft Visual Studio Solution File, Format Version 12.00
# Visual Studio 2013
VisualStudioVersion = 12.0.40629.0
MinimumVisualStudioVersion = 10.0.40219.1
Project("{8BC9CEB8-8B4A-11D0-8D11-00A0C91BC942}") = "不创建对象_用指针指向类中变量_函数", "不创建对象_用指针指向类中变量_函数\不创建对象_用指针指向类中变量_函数.vcxproj", "{3E05AB31-AA26-4BB7-837B-B3C3B3FC4782}"
EndProject
Global
	GlobalSection(SolutionConfigurationPlatforms) = preSolution
		Debug|Win32 = Debug|Win32
		Release|Win32 = Release|Win32
	EndGlobalSection
	GlobalSection(ProjectConfigurationPlatforms) = postSolution
		{3E05AB31-AA26-4BB7-837B-B3C3B3FC4782}.Debug|Win32.ActiveCfg = Debug|Win32
		{3E05AB31-AA26-4BB7-837B-B3C3B3FC4782}.Debug|Win32.Build.0 = Debug|Win32
		{3E05AB31-AA26-4BB7-837B-B3C3B3FC4782}.Release|Win32.ActiveCfg = Release|Win32
		{3E05AB31-AA26-4BB7-837B-B3C3B3FC4782}.Release|Win32.Build.0 = Release|Win32
	EndGlobalSection
	GlobalSection(SolutionProperties) = preSolution
		HideSolutionNode = FALSE
	EndGlobalSection
EndGlobal
