
Microsoft Visual Studio Solution File, Format Version 12.00
# Visual Studio 2013
VisualStudioVersion = 12.0.40629.0
MinimumVisualStudioVersion = 10.0.40219.1
Project("{8BC9CEB8-8B4A-11D0-8D11-00A0C91BC942}") = "优雅的点", "优雅的点\优雅的点.vcxproj", "{DB287835-2B5B-44FB-9EF3-03FFBCBAE2E6}"
EndProject
Project("{8BC9CEB8-8B4A-11D0-8D11-00A0C91BC942}") = "跳石板", "跳石板\跳石板.vcxproj", "{07959492-B323-46FF-B435-316FD89A2742}"
EndProject
Project("{8BC9CEB8-8B4A-11D0-8D11-00A0C91BC942}") = "合唱团", "合唱团\合唱团.vcxproj", "{C5D2AAF7-41E4-4978-98E2-97DFCFFDFC20}"
EndProject
Global
	GlobalSection(SolutionConfigurationPlatforms) = preSolution
		Debug|Win32 = Debug|Win32
		Release|Win32 = Release|Win32
	EndGlobalSection
	GlobalSection(ProjectConfigurationPlatforms) = postSolution
		{DB287835-2B5B-44FB-9EF3-03FFBCBAE2E6}.Debug|Win32.ActiveCfg = Debug|Win32
		{DB287835-2B5B-44FB-9EF3-03FFBCBAE2E6}.Debug|Win32.Build.0 = Debug|Win32
		{DB287835-2B5B-44FB-9EF3-03FFBCBAE2E6}.Release|Win32.ActiveCfg = Release|Win32
		{DB287835-2B5B-44FB-9EF3-03FFBCBAE2E6}.Release|Win32.Build.0 = Release|Win32
		{07959492-B323-46FF-B435-316FD89A2742}.Debug|Win32.ActiveCfg = Debug|Win32
		{07959492-B323-46FF-B435-316FD89A2742}.Debug|Win32.Build.0 = Debug|Win32
		{07959492-B323-46FF-B435-316FD89A2742}.Release|Win32.ActiveCfg = Release|Win32
		{07959492-B323-46FF-B435-316FD89A2742}.Release|Win32.Build.0 = Release|Win32
		{C5D2AAF7-41E4-4978-98E2-97DFCFFDFC20}.Debug|Win32.ActiveCfg = Debug|Win32
		{C5D2AAF7-41E4-4978-98E2-97DFCFFDFC20}.Debug|Win32.Build.0 = Debug|Win32
		{C5D2AAF7-41E4-4978-98E2-97DFCFFDFC20}.Release|Win32.ActiveCfg = Release|Win32
		{C5D2AAF7-41E4-4978-98E2-97DFCFFDFC20}.Release|Win32.Build.0 = Release|Win32
	EndGlobalSection
	GlobalSection(SolutionProperties) = preSolution
		HideSolutionNode = FALSE
	EndGlobalSection
EndGlobal
