
Microsoft Visual Studio Solution File, Format Version 12.00
# Visual Studio 2013
VisualStudioVersion = 12.0.40629.0
MinimumVisualStudioVersion = 10.0.40219.1
Project("{8BC9CEB8-8B4A-11D0-8D11-00A0C91BC942}") = "三维棋盘问题_建模", "三维棋盘问题_建模\三维棋盘问题_建模.vcxproj", "{2396F52A-FDCA-442A-A348-4A91D2B03D94}"
EndProject
Project("{8BC9CEB8-8B4A-11D0-8D11-00A0C91BC942}") = "二维", "二维\二维.vcxproj", "{C5846BC7-8C51-4D09-B877-B85B0E72E02D}"
EndProject
Global
	GlobalSection(SolutionConfigurationPlatforms) = preSolution
		Debug|Win32 = Debug|Win32
		Release|Win32 = Release|Win32
	EndGlobalSection
	GlobalSection(ProjectConfigurationPlatforms) = postSolution
		{2396F52A-FDCA-442A-A348-4A91D2B03D94}.Debug|Win32.ActiveCfg = Debug|Win32
		{2396F52A-FDCA-442A-A348-4A91D2B03D94}.Debug|Win32.Build.0 = Debug|Win32
		{2396F52A-FDCA-442A-A348-4A91D2B03D94}.Release|Win32.ActiveCfg = Release|Win32
		{2396F52A-FDCA-442A-A348-4A91D2B03D94}.Release|Win32.Build.0 = Release|Win32
		{C5846BC7-8C51-4D09-B877-B85B0E72E02D}.Debug|Win32.ActiveCfg = Debug|Win32
		{C5846BC7-8C51-4D09-B877-B85B0E72E02D}.Debug|Win32.Build.0 = Debug|Win32
		{C5846BC7-8C51-4D09-B877-B85B0E72E02D}.Release|Win32.ActiveCfg = Release|Win32
		{C5846BC7-8C51-4D09-B877-B85B0E72E02D}.Release|Win32.Build.0 = Release|Win32
	EndGlobalSection
	GlobalSection(SolutionProperties) = preSolution
		HideSolutionNode = FALSE
	EndGlobalSection
EndGlobal
