
Microsoft Visual Studio Solution File, Format Version 12.00
# Visual Studio 2013
VisualStudioVersion = 12.0.40629.0
MinimumVisualStudioVersion = 10.0.40219.1
Project("{8BC9CEB8-8B4A-11D0-8D11-00A0C91BC942}") = "vs2013中short分配的是4字节", "vs2013中short分配的是4字节\vs2013中short分配的是4字节.vcxproj", "{A2C4345C-9DE8-4793-99BA-0F99A7ADD77A}"
EndProject
Global
	GlobalSection(SolutionConfigurationPlatforms) = preSolution
		Debug|Win32 = Debug|Win32
		Release|Win32 = Release|Win32
	EndGlobalSection
	GlobalSection(ProjectConfigurationPlatforms) = postSolution
		{A2C4345C-9DE8-4793-99BA-0F99A7ADD77A}.Debug|Win32.ActiveCfg = Debug|Win32
		{A2C4345C-9DE8-4793-99BA-0F99A7ADD77A}.Debug|Win32.Build.0 = Debug|Win32
		{A2C4345C-9DE8-4793-99BA-0F99A7ADD77A}.Release|Win32.ActiveCfg = Release|Win32
		{A2C4345C-9DE8-4793-99BA-0F99A7ADD77A}.Release|Win32.Build.0 = Release|Win32
	EndGlobalSection
	GlobalSection(SolutionProperties) = preSolution
		HideSolutionNode = FALSE
	EndGlobalSection
EndGlobal
